
Microsoft Visual Studio Solution File, Format Version 12.00
# Visual Studio 15
VisualStudioVersion = 15.0.28307.1321
MinimumVisualStudioVersion = 10.0.40219.1
Project("{FAE04EC0-301F-11D3-BF4B-00C04F79EFBC}") = "FedOneStudioProject", "FedOneStudioProject\FedOneStudioProject.csproj", "{70B419E3-AE7A-4CE1-9C77-4FFD3A6478F3}"
EndProject
Global
	GlobalSection(SolutionConfigurationPlatforms) = preSolution
		Debug|Any CPU = Debug|Any CPU
		Release|Any CPU = Release|Any CPU
	EndGlobalSection
	GlobalSection(ProjectConfigurationPlatforms) = postSolution
		{70B419E3-AE7A-4CE1-9C77-4FFD3A6478F3}.Debug|Any CPU.ActiveCfg = Debug|Any CPU
		{70B419E3-AE7A-4CE1-9C77-4FFD3A6478F3}.Debug|Any CPU.Build.0 = Debug|Any CPU
		{70B419E3-AE7A-4CE1-9C77-4FFD3A6478F3}.Release|Any CPU.ActiveCfg = Release|Any CPU
		{70B419E3-AE7A-4CE1-9C77-4FFD3A6478F3}.Release|Any CPU.Build.0 = Release|Any CPU
	EndGlobalSection
	GlobalSection(SolutionProperties) = preSolution
		HideSolutionNode = FALSE
	EndGlobalSection
	GlobalSection(ExtensibilityGlobals) = postSolution
		SolutionGuid = {3B689E1A-F878-49F9-9A40-7F5BAB397D91}
	EndGlobalSection
EndGlobal
